
Microsoft Visual Studio Solution File, Format Version 12.00
# Visual Studio Version 17
VisualStudioVersion = 17.5.33530.505
MinimumVisualStudioVersion = 10.0.40219.1
Project("{9A19103F-16F7-4668-BE54-9A1E7A4F7556}") = "CarRentalAPI", "CarRentalAPI\CarRentalAPI.csproj", "{37481B7C-4B73-495D-9DF1-8105237529C4}"
EndProject
Global
	GlobalSection(SolutionConfigurationPlatforms) = preSolution
		Debug|Any CPU = Debug|Any CPU
		Release|Any CPU = Release|Any CPU
	EndGlobalSection
	GlobalSection(ProjectConfigurationPlatforms) = postSolution
		{37481B7C-4B73-495D-9DF1-8105237529C4}.Debug|Any CPU.ActiveCfg = Debug|Any CPU
		{37481B7C-4B73-495D-9DF1-8105237529C4}.Debug|Any CPU.Build.0 = Debug|Any CPU
		{37481B7C-4B73-495D-9DF1-8105237529C4}.Release|Any CPU.ActiveCfg = Release|Any CPU
		{37481B7C-4B73-495D-9DF1-8105237529C4}.Release|Any CPU.Build.0 = Release|Any CPU
	EndGlobalSection
	GlobalSection(SolutionProperties) = preSolution
		HideSolutionNode = FALSE
	EndGlobalSection
	GlobalSection(ExtensibilityGlobals) = postSolution
		SolutionGuid = {225C555B-09A3-48DA-A4BC-5429ED2E34B3}
	EndGlobalSection
EndGlobal
